
Microsoft Visual Studio Solution File, Format Version 12.00
# Visual Studio Version 16
VisualStudioVersion = 16.0.31321.278
MinimumVisualStudioVersion = 10.0.40219.1
Project("{FAE04EC0-301F-11D3-BF4B-00C04F79EFBC}") = "work2.5", "work2.5\work2.5.csproj", "{40F97316-2706-4D03-B695-0A1DA6CA5565}"
EndProject
Global
	GlobalSection(SolutionConfigurationPlatforms) = preSolution
		Debug|Any CPU = Debug|Any CPU
		Release|Any CPU = Release|Any CPU
	EndGlobalSection
	GlobalSection(ProjectConfigurationPlatforms) = postSolution
		{40F97316-2706-4D03-B695-0A1DA6CA5565}.Debug|Any CPU.ActiveCfg = Debug|Any CPU
		{40F97316-2706-4D03-B695-0A1DA6CA5565}.Debug|Any CPU.Build.0 = Debug|Any CPU
		{40F97316-2706-4D03-B695-0A1DA6CA5565}.Release|Any CPU.ActiveCfg = Release|Any CPU
		{40F97316-2706-4D03-B695-0A1DA6CA5565}.Release|Any CPU.Build.0 = Release|Any CPU
	EndGlobalSection
	GlobalSection(SolutionProperties) = preSolution
		HideSolutionNode = FALSE
	EndGlobalSection
	GlobalSection(ExtensibilityGlobals) = postSolution
		SolutionGuid = {D482D0F4-E041-4C5E-9FF3-677349E69E7D}
	EndGlobalSection
EndGlobal
